
Microsoft Visual Studio Solution File, Format Version 12.00
# Visual Studio Version 17
VisualStudioVersion = 17.8.34511.84
MinimumVisualStudioVersion = 10.0.40219.1
Project("{FAE04EC0-301F-11D3-BF4B-00C04F79EFBC}") = "Contract Claim System POE part 3", "Contract Claim System POE part 3.csproj", "{201E38E8-59A6-4363-BB38-D2469AC338EB}"
EndProject
Global
	GlobalSection(SolutionConfigurationPlatforms) = preSolution
		Debug|Any CPU = Debug|Any CPU
		Release|Any CPU = Release|Any CPU
	EndGlobalSection
	GlobalSection(ProjectConfigurationPlatforms) = postSolution
		{201E38E8-59A6-4363-BB38-D2469AC338EB}.Debug|Any CPU.ActiveCfg = Debug|Any CPU
		{201E38E8-59A6-4363-BB38-D2469AC338EB}.Debug|Any CPU.Build.0 = Debug|Any CPU
		{201E38E8-59A6-4363-BB38-D2469AC338EB}.Release|Any CPU.ActiveCfg = Release|Any CPU
		{201E38E8-59A6-4363-BB38-D2469AC338EB}.Release|Any CPU.Build.0 = Release|Any CPU
	EndGlobalSection
	GlobalSection(SolutionProperties) = preSolution
		HideSolutionNode = FALSE
	EndGlobalSection
	GlobalSection(ExtensibilityGlobals) = postSolution
		SolutionGuid = {07C1AF4C-D333-4563-A2A7-B3F739082917}
	EndGlobalSection
EndGlobal
